{
  "name": "project-sign",
  "lockfileVersion": 3,
  "requires": true,
  "packages": {
    "": {
      "dependencies": {
        "mediapipe": "^0.0.1-security"
      }
    },
    "node_modules/mediapipe": {
      "version": "0.0.1-security",
      "resolved": "https://registry.npmjs.org/mediapipe/-/mediapipe-0.0.1-security.tgz",
      "integrity": "sha512-LCXnICb6E4i0qKyhmyzdoCgkhX0eHKq6tr9EohZC0OOvuM9wVhtkFlWaUR+M6VyK4haxecEdx44Tds9ogGufxQ=="
    }
  }
}
